
Microsoft Visual Studio Solution File, Format Version 12.00
# Visual Studio Version 17
VisualStudioVersion = 17.13.35913.81
MinimumVisualStudioVersion = 10.0.40219.1
Project("{FAE04EC0-301F-11D3-BF4B-00C04F79EFBC}") = "2Task", "2Task\2Task.csproj", "{CE1960DD-178B-465D-A555-BD90E1AAA63D}"
EndProject
Project("{FAE04EC0-301F-11D3-BF4B-00C04F79EFBC}") = "3Task", "3Task\3Task.csproj", "{F6FFDA43-4EEF-4A25-A431-D39EB964545D}"
EndProject
Project("{FAE04EC0-301F-11D3-BF4B-00C04F79EFBC}") = "5Task", "5Task\5Task.csproj", "{4B9C1286-8FBD-4BB3-B001-087A33038280}"
EndProject
Global
	GlobalSection(SolutionConfigurationPlatforms) = preSolution
		Debug|Any CPU = Debug|Any CPU
		Release|Any CPU = Release|Any CPU
	EndGlobalSection
	GlobalSection(ProjectConfigurationPlatforms) = postSolution
		{CE1960DD-178B-465D-A555-BD90E1AAA63D}.Debug|Any CPU.ActiveCfg = Debug|Any CPU
		{CE1960DD-178B-465D-A555-BD90E1AAA63D}.Debug|Any CPU.Build.0 = Debug|Any CPU
		{CE1960DD-178B-465D-A555-BD90E1AAA63D}.Release|Any CPU.ActiveCfg = Release|Any CPU
		{CE1960DD-178B-465D-A555-BD90E1AAA63D}.Release|Any CPU.Build.0 = Release|Any CPU
		{F6FFDA43-4EEF-4A25-A431-D39EB964545D}.Debug|Any CPU.ActiveCfg = Debug|Any CPU
		{F6FFDA43-4EEF-4A25-A431-D39EB964545D}.Debug|Any CPU.Build.0 = Debug|Any CPU
		{F6FFDA43-4EEF-4A25-A431-D39EB964545D}.Release|Any CPU.ActiveCfg = Release|Any CPU
		{F6FFDA43-4EEF-4A25-A431-D39EB964545D}.Release|Any CPU.Build.0 = Release|Any CPU
		{4B9C1286-8FBD-4BB3-B001-087A33038280}.Debug|Any CPU.ActiveCfg = Debug|Any CPU
		{4B9C1286-8FBD-4BB3-B001-087A33038280}.Debug|Any CPU.Build.0 = Debug|Any CPU
		{4B9C1286-8FBD-4BB3-B001-087A33038280}.Release|Any CPU.ActiveCfg = Release|Any CPU
		{4B9C1286-8FBD-4BB3-B001-087A33038280}.Release|Any CPU.Build.0 = Release|Any CPU
	EndGlobalSection
	GlobalSection(SolutionProperties) = preSolution
		HideSolutionNode = FALSE
	EndGlobalSection
	GlobalSection(ExtensibilityGlobals) = postSolution
		SolutionGuid = {503203FA-21FD-4027-93C8-13534F8D9913}
	EndGlobalSection
EndGlobal
