
Microsoft Visual Studio Solution File, Format Version 12.00
# Visual Studio Version 17
VisualStudioVersion = 17.13.35913.81 d17.13
MinimumVisualStudioVersion = 10.0.40219.1
Project("{FAE04EC0-301F-11D3-BF4B-00C04F79EFBC}") = "2Task", "2Task\2Task.csproj", "{DBC5F101-3EC6-47A2-83C2-DE58A42C995D}"
EndProject
Project("{FAE04EC0-301F-11D3-BF4B-00C04F79EFBC}") = "4Task", "4Task\4Task.csproj", "{442A603F-6106-466A-B9DE-C170AFA7AE07}"
EndProject
Global
	GlobalSection(SolutionConfigurationPlatforms) = preSolution
		Debug|Any CPU = Debug|Any CPU
		Release|Any CPU = Release|Any CPU
	EndGlobalSection
	GlobalSection(ProjectConfigurationPlatforms) = postSolution
		{DBC5F101-3EC6-47A2-83C2-DE58A42C995D}.Debug|Any CPU.ActiveCfg = Debug|Any CPU
		{DBC5F101-3EC6-47A2-83C2-DE58A42C995D}.Debug|Any CPU.Build.0 = Debug|Any CPU
		{DBC5F101-3EC6-47A2-83C2-DE58A42C995D}.Release|Any CPU.ActiveCfg = Release|Any CPU
		{DBC5F101-3EC6-47A2-83C2-DE58A42C995D}.Release|Any CPU.Build.0 = Release|Any CPU
		{442A603F-6106-466A-B9DE-C170AFA7AE07}.Debug|Any CPU.ActiveCfg = Debug|Any CPU
		{442A603F-6106-466A-B9DE-C170AFA7AE07}.Debug|Any CPU.Build.0 = Debug|Any CPU
		{442A603F-6106-466A-B9DE-C170AFA7AE07}.Release|Any CPU.ActiveCfg = Release|Any CPU
		{442A603F-6106-466A-B9DE-C170AFA7AE07}.Release|Any CPU.Build.0 = Release|Any CPU
	EndGlobalSection
	GlobalSection(SolutionProperties) = preSolution
		HideSolutionNode = FALSE
	EndGlobalSection
	GlobalSection(ExtensibilityGlobals) = postSolution
		SolutionGuid = {9839CAC9-3604-403B-B479-FAA661B96DE0}
	EndGlobalSection
EndGlobal
