
Microsoft Visual Studio Solution File, Format Version 12.00
# Visual Studio Version 17
VisualStudioVersion = 17.13.35913.81 d17.13
MinimumVisualStudioVersion = 10.0.40219.1
Project("{FAE04EC0-301F-11D3-BF4B-00C04F79EFBC}") = "2Task", "2Task\2Task.csproj", "{A9278DF0-081F-41DD-98D9-C6A72B145AE2}"
EndProject
Project("{FAE04EC0-301F-11D3-BF4B-00C04F79EFBC}") = "TemperatureConverterLibrary", "TemperatureConverterLibrary\TemperatureConverterLibrary.csproj", "{6CAA1A9A-59BC-4B4B-8451-FAE2AA91CAB9}"
EndProject
Project("{FAE04EC0-301F-11D3-BF4B-00C04F79EFBC}") = "3Task", "3Task\3Task.csproj", "{6958E283-B095-4FE7-A914-C59D4EE7F39A}"
EndProject
Project("{FAE04EC0-301F-11D3-BF4B-00C04F79EFBC}") = "5Task", "5Task\5Task.csproj", "{14EEED92-51E3-40F8-A440-71A84583C463}"
EndProject
Global
	GlobalSection(SolutionConfigurationPlatforms) = preSolution
		Debug|Any CPU = Debug|Any CPU
		Release|Any CPU = Release|Any CPU
	EndGlobalSection
	GlobalSection(ProjectConfigurationPlatforms) = postSolution
		{A9278DF0-081F-41DD-98D9-C6A72B145AE2}.Debug|Any CPU.ActiveCfg = Debug|Any CPU
		{A9278DF0-081F-41DD-98D9-C6A72B145AE2}.Debug|Any CPU.Build.0 = Debug|Any CPU
		{A9278DF0-081F-41DD-98D9-C6A72B145AE2}.Release|Any CPU.ActiveCfg = Release|Any CPU
		{A9278DF0-081F-41DD-98D9-C6A72B145AE2}.Release|Any CPU.Build.0 = Release|Any CPU
		{6CAA1A9A-59BC-4B4B-8451-FAE2AA91CAB9}.Debug|Any CPU.ActiveCfg = Debug|Any CPU
		{6CAA1A9A-59BC-4B4B-8451-FAE2AA91CAB9}.Debug|Any CPU.Build.0 = Debug|Any CPU
		{6CAA1A9A-59BC-4B4B-8451-FAE2AA91CAB9}.Release|Any CPU.ActiveCfg = Release|Any CPU
		{6CAA1A9A-59BC-4B4B-8451-FAE2AA91CAB9}.Release|Any CPU.Build.0 = Release|Any CPU
		{6958E283-B095-4FE7-A914-C59D4EE7F39A}.Debug|Any CPU.ActiveCfg = Debug|Any CPU
		{6958E283-B095-4FE7-A914-C59D4EE7F39A}.Debug|Any CPU.Build.0 = Debug|Any CPU
		{6958E283-B095-4FE7-A914-C59D4EE7F39A}.Release|Any CPU.ActiveCfg = Release|Any CPU
		{6958E283-B095-4FE7-A914-C59D4EE7F39A}.Release|Any CPU.Build.0 = Release|Any CPU
		{14EEED92-51E3-40F8-A440-71A84583C463}.Debug|Any CPU.ActiveCfg = Debug|Any CPU
		{14EEED92-51E3-40F8-A440-71A84583C463}.Debug|Any CPU.Build.0 = Debug|Any CPU
		{14EEED92-51E3-40F8-A440-71A84583C463}.Release|Any CPU.ActiveCfg = Release|Any CPU
		{14EEED92-51E3-40F8-A440-71A84583C463}.Release|Any CPU.Build.0 = Release|Any CPU
	EndGlobalSection
	GlobalSection(SolutionProperties) = preSolution
		HideSolutionNode = FALSE
	EndGlobalSection
	GlobalSection(ExtensibilityGlobals) = postSolution
		SolutionGuid = {86574611-7D57-4C7E-BC0C-06FD7283ABF1}
	EndGlobalSection
EndGlobal
