
Microsoft Visual Studio Solution File, Format Version 12.00
# Visual Studio Version 17
VisualStudioVersion = 17.13.35913.81 d17.13
MinimumVisualStudioVersion = 10.0.40219.1
Project("{FAE04EC0-301F-11D3-BF4B-00C04F79EFBC}") = "2Task", "2Task\2Task.csproj", "{3FF66814-2F39-4D06-8895-F78A993A7F1E}"
EndProject
Project("{FAE04EC0-301F-11D3-BF4B-00C04F79EFBC}") = "4Task", "4Task\4Task.csproj", "{3F147064-3454-47DD-B351-BCF92D7190C8}"
EndProject
Global
	GlobalSection(SolutionConfigurationPlatforms) = preSolution
		Debug|Any CPU = Debug|Any CPU
		Release|Any CPU = Release|Any CPU
	EndGlobalSection
	GlobalSection(ProjectConfigurationPlatforms) = postSolution
		{3FF66814-2F39-4D06-8895-F78A993A7F1E}.Debug|Any CPU.ActiveCfg = Debug|Any CPU
		{3FF66814-2F39-4D06-8895-F78A993A7F1E}.Debug|Any CPU.Build.0 = Debug|Any CPU
		{3FF66814-2F39-4D06-8895-F78A993A7F1E}.Release|Any CPU.ActiveCfg = Release|Any CPU
		{3FF66814-2F39-4D06-8895-F78A993A7F1E}.Release|Any CPU.Build.0 = Release|Any CPU
		{3F147064-3454-47DD-B351-BCF92D7190C8}.Debug|Any CPU.ActiveCfg = Debug|Any CPU
		{3F147064-3454-47DD-B351-BCF92D7190C8}.Debug|Any CPU.Build.0 = Debug|Any CPU
		{3F147064-3454-47DD-B351-BCF92D7190C8}.Release|Any CPU.ActiveCfg = Release|Any CPU
		{3F147064-3454-47DD-B351-BCF92D7190C8}.Release|Any CPU.Build.0 = Release|Any CPU
	EndGlobalSection
	GlobalSection(SolutionProperties) = preSolution
		HideSolutionNode = FALSE
	EndGlobalSection
	GlobalSection(ExtensibilityGlobals) = postSolution
		SolutionGuid = {A23A72AA-CEB5-4AA9-90FF-74174F476618}
	EndGlobalSection
EndGlobal
